
Microsoft Visual Studio Solution File, Format Version 12.00
# Visual Studio Version 16
VisualStudioVersion = 16.0.31105.61
MinimumVisualStudioVersion = 10.0.40219.1
Project("{FAE04EC0-301F-11D3-BF4B-00C04F79EFBC}") = "20210404 ProJect2", "20210404 ProJect2\20210404 ProJect2.csproj", "{A8A6FC60-086C-4133-ADBC-3162831CD256}"
EndProject
Global
	GlobalSection(SolutionConfigurationPlatforms) = preSolution
		Debug|Any CPU = Debug|Any CPU
		Release|Any CPU = Release|Any CPU
	EndGlobalSection
	GlobalSection(ProjectConfigurationPlatforms) = postSolution
		{A8A6FC60-086C-4133-ADBC-3162831CD256}.Debug|Any CPU.ActiveCfg = Debug|Any CPU
		{A8A6FC60-086C-4133-ADBC-3162831CD256}.Debug|Any CPU.Build.0 = Debug|Any CPU
		{A8A6FC60-086C-4133-ADBC-3162831CD256}.Release|Any CPU.ActiveCfg = Release|Any CPU
		{A8A6FC60-086C-4133-ADBC-3162831CD256}.Release|Any CPU.Build.0 = Release|Any CPU
	EndGlobalSection
	GlobalSection(SolutionProperties) = preSolution
		HideSolutionNode = FALSE
	EndGlobalSection
	GlobalSection(ExtensibilityGlobals) = postSolution
		SolutionGuid = {88832053-9143-4102-9A73-B6EBE99FC8A1}
	EndGlobalSection
EndGlobal
